Microsoft Visual Studio Solution File, Format Version 11.00
# Visual Studio 2008

Project("{3649095A-FDB5-A4CE-CC81-08B25B357CE5}") = "Unitycraft3", "Assembly-CSharp-firstpass.csproj", "{34C0606F-3197-A287-03C0-89C5C400159C}"
EndProject
Project("{3649095A-FDB5-A4CE-CC81-08B25B357CE5}") = "Unitycraft3", "Assembly-CSharp.csproj", "{EE2CFE55-7E21-3149-A228-6AF6CB7D69C5}"
EndProject
Project("{3649095A-FDB5-A4CE-CC81-08B25B357CE5}") = "Unitycraft3", "Assembly-CSharp-Editor.csproj", "{20AF8176-929C-A52E-9D15-E1D1C56586CD}"
EndProject
Project("{3649095A-FDB5-A4CE-CC81-08B25B357CE5}") = "Unitycraft3", "Assembly-UnityScript-firstpass.unityproj", "{F65BB225-0CC1-E873-157F-847F1DF6D34C}"
EndProject
Global
	GlobalSection(SolutionConfigurationPlatforms) = preSolution
		Debug|Any CPU = Debug|Any CPU
		Release|Any CPU = Release|Any CPU
	EndGlobalSection
	GlobalSection(ProjectConfigurationPlatforms) = postSolution
		{34C0606F-3197-A287-03C0-89C5C400159C}.Debug|Any CPU.ActiveCfg = Debug|Any CPU
		{34C0606F-3197-A287-03C0-89C5C400159C}.Debug|Any CPU.Build.0 = Debug|Any CPU
		{34C0606F-3197-A287-03C0-89C5C400159C}.Release|Any CPU.ActiveCfg = Release|Any CPU
		{34C0606F-3197-A287-03C0-89C5C400159C}.Release|Any CPU.Build.0 = Release|Any CPU
		{EE2CFE55-7E21-3149-A228-6AF6CB7D69C5}.Debug|Any CPU.ActiveCfg = Debug|Any CPU
		{EE2CFE55-7E21-3149-A228-6AF6CB7D69C5}.Debug|Any CPU.Build.0 = Debug|Any CPU
		{EE2CFE55-7E21-3149-A228-6AF6CB7D69C5}.Release|Any CPU.ActiveCfg = Release|Any CPU
		{EE2CFE55-7E21-3149-A228-6AF6CB7D69C5}.Release|Any CPU.Build.0 = Release|Any CPU
		{20AF8176-929C-A52E-9D15-E1D1C56586CD}.Debug|Any CPU.ActiveCfg = Debug|Any CPU
		{20AF8176-929C-A52E-9D15-E1D1C56586CD}.Debug|Any CPU.Build.0 = Debug|Any CPU
		{20AF8176-929C-A52E-9D15-E1D1C56586CD}.Release|Any CPU.ActiveCfg = Release|Any CPU
		{20AF8176-929C-A52E-9D15-E1D1C56586CD}.Release|Any CPU.Build.0 = Release|Any CPU
		{F65BB225-0CC1-E873-157F-847F1DF6D34C}.Debug|Any CPU.ActiveCfg = Debug|Any CPU
		{F65BB225-0CC1-E873-157F-847F1DF6D34C}.Debug|Any CPU.Build.0 = Debug|Any CPU
		{F65BB225-0CC1-E873-157F-847F1DF6D34C}.Release|Any CPU.ActiveCfg = Release|Any CPU
		{F65BB225-0CC1-E873-157F-847F1DF6D34C}.Release|Any CPU.Build.0 = Release|Any CPU
	EndGlobalSection
	GlobalSection(SolutionProperties) = preSolution
		HideSolutionNode = FALSE
	EndGlobalSection
																																													GlobalSection(MonoDevelopProperties) = preSolution
		StartupItem = Assembly-CSharp.csproj
		Policies = $0
		$0.TextStylePolicy = $1
		$1.TabsToSpaces = False
		$1.inheritsSet = VisualStudio
		$1.inheritsScope = text/plain
		$1.scope = text/x-csharp
		$0.CSharpFormattingPolicy = $2
		$2.NamespaceBraceStyle = DoNotChange
		$2.ClassBraceStyle = DoNotChange
		$2.InterfaceBraceStyle = DoNotChange
		$2.StructBraceStyle = DoNotChange
		$2.EnumBraceStyle = DoNotChange
		$2.MethodBraceStyle = DoNotChange
		$2.AnonymousMethodBraceStyle = DoNotChange
		$2.ConstructorBraceStyle = DoNotChange
		$2.DestructorBraceStyle = DoNotChange
		$2.PropertyBraceStyle = DoNotChange
		$2.PropertyGetBraceStyle = DoNotChange
		$2.PropertySetBraceStyle = DoNotChange
		$2.EventBraceStyle = DoNotChange
		$2.EventRemoveBraceStyle = DoNotChange
		$2.StatementBraceStyle = DoNotChange
		$2.ElseNewLinePlacement = NewLine
		$2.inheritsSet = Mono
		$2.inheritsScope = text/x-csharp
		$2.scope = text/x-csharp
		$0.TextStylePolicy = $3
		$3.FileWidth = 120
		$3.TabWidth = 4
		$3.EolMarker = Unix
		$3.inheritsSet = Mono
		$3.inheritsScope = text/plain
		$3.scope = text/plain
		$0.DotNetNamingPolicy = $4
		$4.DirectoryNamespaceAssociation = None
		$4.ResourceNamePolicy = FileFormatDefault
	EndGlobalSection

EndGlobal
